
Microsoft Visual Studio Solution File, Format Version 12.00
# Visual Studio Version 16
VisualStudioVersion = 16.0.30804.86
MinimumVisualStudioVersion = 10.0.40219.1
Project("{FAE04EC0-301F-11D3-BF4B-00C04F79EFBC}") = "XEDTK", "XEDTK.csproj", "{D231E083-FCBF-4A40-AAF1-F517ECE86C62}"
EndProject
Global
	GlobalSection(SolutionConfigurationPlatforms) = preSolution
		Debug|Any CPU = Debug|Any CPU
		Release|Any CPU = Release|Any CPU
	EndGlobalSection
	GlobalSection(ProjectConfigurationPlatforms) = postSolution
		{D231E083-FCBF-4A40-AAF1-F517ECE86C62}.Debug|Any CPU.ActiveCfg = Debug|Any CPU
		{D231E083-FCBF-4A40-AAF1-F517ECE86C62}.Debug|Any CPU.Build.0 = Debug|Any CPU
		{D231E083-FCBF-4A40-AAF1-F517ECE86C62}.Release|Any CPU.ActiveCfg = Release|Any CPU
		{D231E083-FCBF-4A40-AAF1-F517ECE86C62}.Release|Any CPU.Build.0 = Release|Any CPU
	EndGlobalSection
	GlobalSection(SolutionProperties) = preSolution
		HideSolutionNode = FALSE
	EndGlobalSection
	GlobalSection(ExtensibilityGlobals) = postSolution
		SolutionGuid = {12E5DB90-AA20-4800-9330-AD8E73DE4F06}
	EndGlobalSection
EndGlobal
